
Microsoft Visual Studio Solution File, Format Version 12.00
# Visual Studio Version 16
VisualStudioVersion = 16.0.32630.194
MinimumVisualStudioVersion = 10.0.40219.1
Project("{FAE04EC0-301F-11D3-BF4B-00C04F79EFBC}") = "函数画板", "函数画板.csproj", "{DF9DD687-1A7D-4D83-93FA-9CD1137B26B2}"
EndProject
Global
	GlobalSection(SolutionConfigurationPlatforms) = preSolution
		Debug|Any CPU = Debug|Any CPU
		Release|Any CPU = Release|Any CPU
	EndGlobalSection
	GlobalSection(ProjectConfigurationPlatforms) = postSolution
		{DF9DD687-1A7D-4D83-93FA-9CD1137B26B2}.Debug|Any CPU.ActiveCfg = Debug|Any CPU
		{DF9DD687-1A7D-4D83-93FA-9CD1137B26B2}.Debug|Any CPU.Build.0 = Debug|Any CPU
		{DF9DD687-1A7D-4D83-93FA-9CD1137B26B2}.Release|Any CPU.ActiveCfg = Release|Any CPU
		{DF9DD687-1A7D-4D83-93FA-9CD1137B26B2}.Release|Any CPU.Build.0 = Release|Any CPU
	EndGlobalSection
	GlobalSection(SolutionProperties) = preSolution
		HideSolutionNode = FALSE
	EndGlobalSection
	GlobalSection(ExtensibilityGlobals) = postSolution
		SolutionGuid = {2547925E-C99C-4F44-9ED8-A53A79B8F719}
	EndGlobalSection
EndGlobal
